
Microsoft Visual Studio Solution File, Format Version 12.00
# Visual Studio Version 16
VisualStudioVersion = 25.0.1706.5
MinimumVisualStudioVersion = 10.0.40219.1
Project("{FAE04EC0-301F-11D3-BF4B-00C04F79EFBC}") = "AppPraticar", "AppPraticar\AppPraticar.csproj", "{908E9B5D-5FB1-46F1-BBF6-6030029B57E1}"
EndProject
Global
	GlobalSection(SolutionConfigurationPlatforms) = preSolution
		Debug|Any CPU = Debug|Any CPU
		Release|Any CPU = Release|Any CPU
	EndGlobalSection
	GlobalSection(ProjectConfigurationPlatforms) = postSolution
		{908E9B5D-5FB1-46F1-BBF6-6030029B57E1}.Debug|Any CPU.ActiveCfg = Debug|Any CPU
		{908E9B5D-5FB1-46F1-BBF6-6030029B57E1}.Debug|Any CPU.Build.0 = Debug|Any CPU
		{908E9B5D-5FB1-46F1-BBF6-6030029B57E1}.Release|Any CPU.ActiveCfg = Release|Any CPU
		{908E9B5D-5FB1-46F1-BBF6-6030029B57E1}.Release|Any CPU.Build.0 = Release|Any CPU
	EndGlobalSection
	GlobalSection(SolutionProperties) = preSolution
		HideSolutionNode = FALSE
	EndGlobalSection
	GlobalSection(ExtensibilityGlobals) = postSolution
		SolutionGuid = {90E09455-B425-4B75-909C-362F9DD8E60D}
	EndGlobalSection
EndGlobal
